
Microsoft Visual Studio Solution File, Format Version 12.00
# Visual Studio Version 17
VisualStudioVersion = 17.6.33723.286
MinimumVisualStudioVersion = 10.0.40219.1
Project("{9A19103F-16F7-4668-BE54-9A1E7A4F7556}") = "WS2", "ConsoleApp1\WS2.csproj", "{A36F677D-6E33-4227-AE78-FAB4FD8A5E63}"
EndProject
Project("{FAE04EC0-301F-11D3-BF4B-00C04F79EFBC}") = "ShapeTest", "ShapeTest\ShapeTest.csproj", "{3C4AD89D-165F-4FFD-95C3-DC05600156A3}"
EndProject
Global
	GlobalSection(SolutionConfigurationPlatforms) = preSolution
		Debug|Any CPU = Debug|Any CPU
		Release|Any CPU = Release|Any CPU
	EndGlobalSection
	GlobalSection(ProjectConfigurationPlatforms) = postSolution
		{A36F677D-6E33-4227-AE78-FAB4FD8A5E63}.Debug|Any CPU.ActiveCfg = Debug|Any CPU
		{A36F677D-6E33-4227-AE78-FAB4FD8A5E63}.Debug|Any CPU.Build.0 = Debug|Any CPU
		{A36F677D-6E33-4227-AE78-FAB4FD8A5E63}.Release|Any CPU.ActiveCfg = Release|Any CPU
		{A36F677D-6E33-4227-AE78-FAB4FD8A5E63}.Release|Any CPU.Build.0 = Release|Any CPU
		{3C4AD89D-165F-4FFD-95C3-DC05600156A3}.Debug|Any CPU.ActiveCfg = Debug|Any CPU
		{3C4AD89D-165F-4FFD-95C3-DC05600156A3}.Debug|Any CPU.Build.0 = Debug|Any CPU
		{3C4AD89D-165F-4FFD-95C3-DC05600156A3}.Release|Any CPU.ActiveCfg = Release|Any CPU
		{3C4AD89D-165F-4FFD-95C3-DC05600156A3}.Release|Any CPU.Build.0 = Release|Any CPU
	EndGlobalSection
	GlobalSection(SolutionProperties) = preSolution
		HideSolutionNode = FALSE
	EndGlobalSection
	GlobalSection(ExtensibilityGlobals) = postSolution
		SolutionGuid = {24B1260C-84AA-4633-AC4C-7542791A0743}
	EndGlobalSection
EndGlobal
